{
  "object": {
    "pins": [
      {
        "package": "OverlayPresentable",
        "repositoryURL": "https://github.com/wiencheck/OverlayPresentable",
        "state": {
          "branch": null,
          "revision": "75a13a9c84d799cdd1437be3cef09c580cb779fe",
          "version": "0.0.2"
        }
      }
    ]
  },
  "version": 1
}
